// !$*UTF8*$!
{
	archiveVersion = 1;
	classes = {
	};
	objectVersion = 50;
	objects = {

/* Begin PBXBuildFile section */
		3D012E8428EC90E600CAD6FB /* CeldaIngredientesController.swift in Sources */ = {isa = PBXBuildFile; fileRef = 3D012E8328EC90E600CAD6FB /* CeldaIngredientesController.swift */; };
		3D012E8628EC910300CAD6FB /* Detalles.swift in Sources */ = {isa = PBXBuildFile; fileRef = 3D012E8528EC910300CAD6FB /* Detalles.swift */; };
		3D1D876B28EC897A00773E51 /* CeldaFoodController.swift in Sources */ = {isa = PBXBuildFile; fileRef = 3D1D876A28EC897A00773E51 /* CeldaFoodController.swift */; };
		3D1D876D28EC89C200773E51 /* DetallesFoodController.swift in Sources */ = {isa = PBXBuildFile; fileRef = 3D1D876C28EC89C200773E51 /* DetallesFoodController.swift */; };
		3D1D876F28EC89EB00773E51 /* Food.swift in Sources */ = {isa = PBXBuildFile; fileRef = 3D1D876E28EC89EB00773E51 /* Food.swift */; };
		3DD1CF2728E5EFBC00263C9A /* AppDelegate.swift in Sources */ = {isa = PBXBuildFile; fileRef = 3DD1CF2628E5EFBC00263C9A /* AppDelegate.swift */; };
		3DD1CF2928E5EFBD00263C9A /* FoodController.swift in Sources */ = {isa = PBXBuildFile; fileRef = 3DD1CF2828E5EFBD00263C9A /* FoodController.swift */; };
		3DD1CF2C28E5EFBD00263C9A /* Main.storyboard in Resources */ = {isa = PBXBuildFile; fileRef = 3DD1CF2A28E5EFBD00263C9A /* Main.storyboard */; };
		3DD1CF2E28E5EFC300263C9A /* Assets.xcassets in Resources */ = {isa = PBXBuildFile; fileRef = 3DD1CF2D28E5EFC300263C9A /* Assets.xcassets */; };
		3DD1CF3128E5EFC300263C9A /* LaunchScreen.storyboard in Resources */ = {isa = PBXBuildFile; fileRef = 3DD1CF2F28E5EFC300263C9A /* LaunchScreen.storyboard */; };
		3DD1CF3C28E5EFC400263C9A /* Proy2doParcialTests.swift in Sources */ = {isa = PBXBuildFile; fileRef = 3DD1CF3B28E5EFC400263C9A /* Proy2doParcialTests.swift */; };
		3DD1CF4728E5EFC400263C9A /* Proy2doParcialUITests.swift in Sources */ = {isa = PBXBuildFile; fileRef = 3DD1CF4628E5EFC400263C9A /* Proy2doParcialUITests.swift */; };
/* End PBXBuildFile section */

/* Begin PBXContainerItemProxy section */
		3DD1CF3828E5EFC300263C9A /* PBXContainerItemProxy */ = {
			isa = PBXContainerItemProxy;
			containerPortal = 3DD1CF1B28E5EFBC00263C9A /* Project object */;
			proxyType = 1;
			remoteGlobalIDString = 3DD1CF2228E5EFBC00263C9A;
			remoteInfo = Proy2doParcial;
		};
		3DD1CF4328E5EFC400263C9A /* PBXContainerItemProxy */ = {
			isa = PBXContainerItemProxy;
			containerPortal = 3DD1CF1B28E5EFBC00263C9A /* Project object */;
			proxyType = 1;
			remoteGlobalIDString = 3DD1CF2228E5EFBC00263C9A;
			remoteInfo = Proy2doParcial;
		};
/* End PBXContainerItemProxy section */

/* Begin PBXFileReference section */
		3D012E8328EC90E600CAD6FB /* CeldaIngredientesController.swift */ = {isa = PBXFileReference; lastKnownFileType = sourcecode.swift; path = CeldaIngredientesController.swift; sourceTree = "<group>"; };
		3D012E8528EC910300CAD6FB /* Detalles.swift */ = {isa = PBXFileReference; lastKnownFileType = sourcecode.swift; path = Detalles.swift; sourceTree = "<group>"; };
		3D1D876A28EC897A00773E51 /* CeldaFoodController.swift */ = {isa = PBXFileReference; lastKnownFileType = sourcecode.swift; path = CeldaFoodController.swift; sourceTree = "<group>"; };
		3D1D876C28EC89C200773E51 /* DetallesFoodController.swift */ = {isa = PBXFileReference; lastKnownFileType = sourcecode.swift; path = DetallesFoodController.swift; sourceTree = "<group>"; };
		3D1D876E28EC89EB00773E51 /* Food.swift */ = {isa = PBXFileReference; lastKnownFileType = sourcecode.swift; path = Food.swift; sourceTree = "<group>"; };
		3DD1CF2328E5EFBC00263C9A /* Proy2doParcial.app */ = {isa = PBXFileReference; explicitFileType = wrapper.application; includeInIndex = 0; path = Proy2doParcial.app; sourceTree = BUILT_PRODUCTS_DIR; };
		3DD1CF2628E5EFBC00263C9A /* AppDelegate.swift */ = {isa = PBXFileReference; lastKnownFileType = sourcecode.swift; path = AppDelegate.swift; sourceTree = "<group>"; };
		3DD1CF2828E5EFBD00263C9A /* FoodController.swift */ = {isa = PBXFileReference; lastKnownFileType = sourcecode.swift; path = FoodController.swift; sourceTree = "<group>"; };
		3DD1CF2B28E5EFBD00263C9A /* Base */ = {isa = PBXFileReference; lastKnownFileType = file.storyboard; name = Base; path = Base.lproj/Main.storyboard; sourceTree = "<group>"; };
		3DD1CF2D28E5EFC300263C9A /* Assets.xcassets */ = {isa = PBXFileReference; lastKnownFileType = folder.assetcatalog; path = Assets.xcassets; sourceTree = "<group>"; };
		3DD1CF3028E5EFC300263C9A /* Base */ = {isa = PBXFileReference; lastKnownFileType = file.storyboard; name = Base; path = Base.lproj/LaunchScreen.storyboard; sourceTree = "<group>"; };
		3DD1CF3228E5EFC300263C9A /* Info.plist */ = {isa = PBXFileReference; lastKnownFileType = text.plist.xml; path = Info.plist; sourceTree = "<group>"; };
		3DD1CF3728E5EFC300263C9A /* Proy2doParcialTests.xctest */ = {isa = PBXFileReference; explicitFileType = wrapper.cfbundle; includeInIndex = 0; path = Proy2doParcialTests.xctest; sourceTree = BUILT_PRODUCTS_DIR; };
		3DD1CF3B28E5EFC400263C9A /* Proy2doParcialTests.swift */ = {isa = PBXFileReference; lastKnownFileType = sourcecode.swift; path = Proy2doParcialTests.swift; sourceTree = "<group>"; };
		3DD1CF3D28E5EFC400263C9A /* Info.plist */ = {isa = PBXFileReference; lastKnownFileType = text.plist.xml; path = Info.plist; sourceTree = "<group>"; };
		3DD1CF4228E5EFC400263C9A /* Proy2doParcialUITests.xctest */ = {isa = PBXFileReference; explicitFileType = wrapper.cfbundle; includeInIndex = 0; path = Proy2doParcialUITests.xctest; sourceTree = BUILT_PRODUCTS_DIR; };
		3DD1CF4628E5EFC400263C9A /* Proy2doParcialUITests.swift */ = {isa = PBXFileReference; lastKnownFileType = sourcecode.swift; path = Proy2doParcialUITests.swift; sourceTree = "<group>"; };
		3DD1CF4828E5EFC400263C9A /* Info.plist */ = {isa = PBXFileReference; lastKnownFileType = text.plist.xml; path = Info.plist; sourceTree = "<group>"; };
/* End PBXFileReference section */

/* Begin PBXFrameworksBuildPhase section */
		3DD1CF2028E5EFBC00263C9A /* Frameworks */ = {
			isa = PBXFrameworksBuildPhase;
			buildActionMask = 2147483647;
			files = (
			);
			runOnlyForDeploymentPostprocessing = 0;
		};
		3DD1CF3428E5EFC300263C9A /* Frameworks */ = {
			isa = PBXFrameworksBuildPhase;
			buildActionMask = 2147483647;
			files = (
			);
			runOnlyForDeploymentPostprocessing = 0;
		};
		3DD1CF3F28E5EFC400263C9A /* Frameworks */ = {
			isa = PBXFrameworksBuildPhase;
			buildActionMask = 2147483647;
			files = (
			);
			runOnlyForDeploymentPostprocessing = 0;
		};
/* End PBXFrameworksBuildPhase section */

/* Begin PBXGroup section */
		3DD1CF1A28E5EFBC00263C9A = {
			isa = PBXGroup;
			children = (
				3DD1CF2528E5EFBC00263C9A /* Proy2doParcial */,
				3DD1CF3A28E5EFC400263C9A /* Proy2doParcialTests */,
				3DD1CF4528E5EFC400263C9A /* Proy2doParcialUITests */,
				3DD1CF2428E5EFBC00263C9A /* Products */,
			);
			sourceTree = "<group>";
		};
		3DD1CF2428E5EFBC00263C9A /* Products */ = {
			isa = PBXGroup;
			children = (
				3DD1CF2328E5EFBC00263C9A /* Proy2doParcial.app */,
				3DD1CF3728E5EFC300263C9A /* Proy2doParcialTests.xctest */,
				3DD1CF4228E5EFC400263C9A /* Proy2doParcialUITests.xctest */,
			);
			name = Products;
			sourceTree = "<group>";
		};
		3DD1CF2528E5EFBC00263C9A /* Proy2doParcial */ = {
			isa = PBXGroup;
			children = (
				3DD1CF5828E5F06200263C9A /* Recursos */,
				3DD1CF5728E5F04D00263C9A /* Controladores */,
				3DD1CF5628E5F04100263C9A /* Modelos */,
				3DD1CF5528E5F02200263C9A /* vistas */,
				3DD1CF5428E5F00900263C9A /* app */,
			);
			path = Proy2doParcial;
			sourceTree = "<group>";
		};
		3DD1CF3A28E5EFC400263C9A /* Proy2doParcialTests */ = {
			isa = PBXGroup;
			children = (
				3DD1CF3B28E5EFC400263C9A /* Proy2doParcialTests.swift */,
				3DD1CF3D28E5EFC400263C9A /* Info.plist */,
			);
			path = Proy2doParcialTests;
			sourceTree = "<group>";
		};
		3DD1CF4528E5EFC400263C9A /* Proy2doParcialUITests */ = {
			isa = PBXGroup;
			children = (
				3DD1CF4628E5EFC400263C9A /* Proy2doParcialUITests.swift */,
				3DD1CF4828E5EFC400263C9A /* Info.plist */,
			);
			path = Proy2doParcialUITests;
			sourceTree = "<group>";
		};
		3DD1CF5428E5F00900263C9A /* app */ = {
			isa = PBXGroup;
			children = (
				3DD1CF2628E5EFBC00263C9A /* AppDelegate.swift */,
				3DD1CF3228E5EFC300263C9A /* Info.plist */,
			);
			name = app;
			sourceTree = "<group>";
		};
		3DD1CF5528E5F02200263C9A /* vistas */ = {
			isa = PBXGroup;
			children = (
				3DD1CF2A28E5EFBD00263C9A /* Main.storyboard */,
				3DD1CF2F28E5EFC300263C9A /* LaunchScreen.storyboard */,
			);
			name = vistas;
			sourceTree = "<group>";
		};
		3DD1CF5628E5F04100263C9A /* Modelos */ = {
			isa = PBXGroup;
			children = (
				3D1D876E28EC89EB00773E51 /* Food.swift */,
				3D012E8528EC910300CAD6FB /* Detalles.swift */,
			);
			name = Modelos;
			sourceTree = "<group>";
		};
		3DD1CF5728E5F04D00263C9A /* Controladores */ = {
			isa = PBXGroup;
			children = (
				3DD1CF2828E5EFBD00263C9A /* FoodController.swift */,
				3D1D876A28EC897A00773E51 /* CeldaFoodController.swift */,
				3D1D876C28EC89C200773E51 /* DetallesFoodController.swift */,
				3D012E8328EC90E600CAD6FB /* CeldaIngredientesController.swift */,
			);
			name = Controladores;
			sourceTree = "<group>";
		};
		3DD1CF5828E5F06200263C9A /* Recursos */ = {
			isa = PBXGroup;
			children = (
				3DD1CF2D28E5EFC300263C9A /* Assets.xcassets */,
			);
			name = Recursos;
			sourceTree = "<group>";
		};
/* End PBXGroup section */

/* Begin PBXNativeTarget section */
		3DD1CF2228E5EFBC00263C9A /* Proy2doParcial */ = {
			isa = PBXNativeTarget;
			buildConfigurationList = 3DD1CF4B28E5EFC400263C9A /* Build configuration list for PBXNativeTarget "Proy2doParcial" */;
			buildPhases = (
				3DD1CF1F28E5EFBC00263C9A /* Sources */,
				3DD1CF2028E5EFBC00263C9A /* Frameworks */,
				3DD1CF2128E5EFBC00263C9A /* Resources */,
			);
			buildRules = (
			);
			dependencies = (
			);
			name = Proy2doParcial;
			productName = Proy2doParcial;
			productReference = 3DD1CF2328E5EFBC00263C9A /* Proy2doParcial.app */;
			productType = "com.apple.product-type.application";
		};
		3DD1CF3628E5EFC300263C9A /* Proy2doParcialTests */ = {
			isa = PBXNativeTarget;
			buildConfigurationList = 3DD1CF4E28E5EFC400263C9A /* Build configuration list for PBXNativeTarget "Proy2doParcialTests" */;
			buildPhases = (
				3DD1CF3328E5EFC300263C9A /* Sources */,
				3DD1CF3428E5EFC300263C9A /* Frameworks */,
				3DD1CF3528E5EFC300263C9A /* Resources */,
			);
			buildRules = (
			);
			dependencies = (
				3DD1CF3928E5EFC300263C9A /* PBXTargetDependency */,
			);
			name = Proy2doParcialTests;
			productName = Proy2doParcialTests;
			productReference = 3DD1CF3728E5EFC300263C9A /* Proy2doParcialTests.xctest */;
			productType = "com.apple.product-type.bundle.unit-test";
		};
		3DD1CF4128E5EFC400263C9A /* Proy2doParcialUITests */ = {
			isa = PBXNativeTarget;
			buildConfigurationList = 3DD1CF5128E5EFC400263C9A /* Build configuration list for PBXNativeTarget "Proy2doParcialUITests" */;
			buildPhases = (
				3DD1CF3E28E5EFC400263C9A /* Sources */,
				3DD1CF3F28E5EFC400263C9A /* Frameworks */,
				3DD1CF4028E5EFC400263C9A /* Resources */,
			);
			buildRules = (
			);
			dependencies = (
				3DD1CF4428E5EFC400263C9A /* PBXTargetDependency */,
			);
			name = Proy2doParcialUITests;
			productName = Proy2doParcialUITests;
			productReference = 3DD1CF4228E5EFC400263C9A /* Proy2doParcialUITests.xctest */;
			productType = "com.apple.product-type.bundle.ui-testing";
		};
/* End PBXNativeTarget section */

/* Begin PBXProject section */
		3DD1CF1B28E5EFBC00263C9A /* Project object */ = {
			isa = PBXProject;
			attributes = {
				LastSwiftUpdateCheck = 0940;
				LastUpgradeCheck = 0940;
				ORGANIZATIONNAME = ulsa;
				TargetAttributes = {
					3DD1CF2228E5EFBC00263C9A = {
						CreatedOnToolsVersion = 9.4.1;
					};
					3DD1CF3628E5EFC300263C9A = {
						CreatedOnToolsVersion = 9.4.1;
						TestTargetID = 3DD1CF2228E5EFBC00263C9A;
					};
					3DD1CF4128E5EFC400263C9A = {
						CreatedOnToolsVersion = 9.4.1;
						TestTargetID = 3DD1CF2228E5EFBC00263C9A;
					};
				};
			};
			buildConfigurationList = 3DD1CF1E28E5EFBC00263C9A /* Build configuration list for PBXProject "Proy2doParcial" */;
			compatibilityVersion = "Xcode 9.3";
			developmentRegion = en;
			hasScannedForEncodings = 0;
			knownRegions = (
				en,
				Base,
			);
			mainGroup = 3DD1CF1A28E5EFBC00263C9A;
			productRefGroup = 3DD1CF2428E5EFBC00263C9A /* Products */;
			projectDirPath = "";
			projectRoot = "";
			targets = (
				3DD1CF2228E5EFBC00263C9A /* Proy2doParcial */,
				3DD1CF3628E5EFC300263C9A /* Proy2doParcialTests */,
				3DD1CF4128E5EFC400263C9A /* Proy2doParcialUITests */,
			);
		};
/* End PBXProject section */

/* Begin PBXResourcesBuildPhase section */
		3DD1CF2128E5EFBC00263C9A /* Resources */ = {
			isa = PBXResourcesBuildPhase;
			buildActionMask = 2147483647;
			files = (
				3DD1CF3128E5EFC300263C9A /* LaunchScreen.storyboard in Resources */,
				3DD1CF2E28E5EFC300263C9A /* Assets.xcassets in Resources */,
				3DD1CF2C28E5EFBD00263C9A /* Main.storyboard in Resources */,
			);
			runOnlyForDeploymentPostprocessing = 0;
		};
		3DD1CF3528E5EFC300263C9A /* Resources */ = {
			isa = PBXResourcesBuildPhase;
			buildActionMask = 2147483647;
			files = (
			);
			runOnlyForDeploymentPostprocessing = 0;
		};
		3DD1CF4028E5EFC400263C9A /* Resources */ = {
			isa = PBXResourcesBuildPhase;
			buildActionMask = 2147483647;
			files = (
			);
			runOnlyForDeploymentPostprocessing = 0;
		};
/* End PBXResourcesBuildPhase section */

/* Begin PBXSourcesBuildPhase section */
		3DD1CF1F28E5EFBC00263C9A /* Sources */ = {
			isa = PBXSourcesBuildPhase;
			buildActionMask = 2147483647;
			files = (
				3D1D876B28EC897A00773E51 /* CeldaFoodController.swift in Sources */,
				3D1D876D28EC89C200773E51 /* DetallesFoodController.swift in Sources */,
				3D012E8428EC90E600CAD6FB /* CeldaIngredientesController.swift in Sources */,
				3D1D876F28EC89EB00773E51 /* Food.swift in Sources */,
				3D012E8628EC910300CAD6FB /* Detalles.swift in Sources */,
				3DD1CF2928E5EFBD00263C9A /* FoodController.swift in Sources */,
				3DD1CF2728E5EFBC00263C9A /* AppDelegate.swift in Sources */,
			);
			runOnlyForDeploymentPostprocessing = 0;
		};
		3DD1CF3328E5EFC300263C9A /* Sources */ = {
			isa = PBXSourcesBuildPhase;
			buildActionMask = 2147483647;
			files = (
				3DD1CF3C28E5EFC400263C9A /* Proy2doParcialTests.swift in Sources */,
			);
			runOnlyForDeploymentPostprocessing = 0;
		};
		3DD1CF3E28E5EFC400263C9A /* Sources */ = {
			isa = PBXSourcesBuildPhase;
			buildActionMask = 2147483647;
			files = (
				3DD1CF4728E5EFC400263C9A /* Proy2doParcialUITests.swift in Sources */,
			);
			runOnlyForDeploymentPostprocessing = 0;
		};
/* End PBXSourcesBuildPhase section */

/* Begin PBXTargetDependency section */
		3DD1CF3928E5EFC300263C9A /* PBXTargetDependency */ = {
			isa = PBXTargetDependency;
			target = 3DD1CF2228E5EFBC00263C9A /* Proy2doParcial */;
			targetProxy = 3DD1CF3828E5EFC300263C9A /* PBXContainerItemProxy */;
		};
		3DD1CF4428E5EFC400263C9A /* PBXTargetDependency */ = {
			isa = PBXTargetDependency;
			target = 3DD1CF2228E5EFBC00263C9A /* Proy2doParcial */;
			targetProxy = 3DD1CF4328E5EFC400263C9A /* PBXContainerItemProxy */;
		};
/* End PBXTargetDependency section */

/* Begin PBXVariantGroup section */
		3DD1CF2A28E5EFBD00263C9A /* Main.storyboard */ = {
			isa = PBXVariantGroup;
			children = (
				3DD1CF2B28E5EFBD00263C9A /* Base */,
			);
			name = Main.storyboard;
			sourceTree = "<group>";
		};
		3DD1CF2F28E5EFC300263C9A /* LaunchScreen.storyboard */ = {
			isa = PBXVariantGroup;
			children = (
				3DD1CF3028E5EFC300263C9A /* Base */,
			);
			name = LaunchScreen.storyboard;
			sourceTree = "<group>";
		};
/* End PBXVariantGroup section */

/* Begin XCBuildConfiguration section */
		3DD1CF4928E5EFC400263C9A /* Debug */ = {
			isa = XCBuildConfiguration;
			buildSettings = {
				ALWAYS_SEARCH_USER_PATHS = NO;
				CLANG_ANALYZER_NONNULL = YES;
				CLANG_ANALYZER_NUMBER_OBJECT_CONVERSION = YES_AGGRESSIVE;
				CLANG_CXX_LANGUAGE_STANDARD = "gnu++14";
				CLANG_CXX_LIBRARY = "libc++";
				CLANG_ENABLE_MODULES = YES;
				CLANG_ENABLE_OBJC_ARC = YES;
				CLANG_ENABLE_OBJC_WEAK = YES;
				CLANG_WARN_BLOCK_CAPTURE_AUTORELEASING = YES;
				CLANG_WARN_BOOL_CONVERSION = YES;
				CLANG_WARN_COMMA = YES;
				CLANG_WARN_CONSTANT_CONVERSION = YES;
				CLANG_WARN_DEPRECATED_OBJC_IMPLEMENTATIONS = YES;
				CLANG_WARN_DIRECT_OBJC_ISA_USAGE = YES_ERROR;
				CLANG_WARN_DOCUMENTATION_COMMENTS = YES;
				CLANG_WARN_EMPTY_BODY = YES;
				CLANG_WARN_ENUM_CONVERSION = YES;
				CLANG_WARN_INFINITE_RECURSION = YES;
				CLANG_WARN_INT_CONVERSION = YES;
				CLANG_WARN_NON_LITERAL_NULL_CONVERSION = YES;
				CLANG_WARN_OBJC_IMPLICIT_RETAIN_SELF = YES;
				CLANG_WARN_OBJC_LITERAL_CONVERSION = YES;
				CLANG_WARN_OBJC_ROOT_CLASS = YES_ERROR;
				CLANG_WARN_RANGE_LOOP_ANALYSIS = YES;
				CLANG_WARN_STRICT_PROTOTYPES = YES;
				CLANG_WARN_SUSPICIOUS_MOVE = YES;
				CLANG_WARN_UNGUARDED_AVAILABILITY = YES_AGGRESSIVE;
				CLANG_WARN_UNREACHABLE_CODE = YES;
				CLANG_WARN__DUPLICATE_METHOD_MATCH = YES;
				CODE_SIGN_IDENTITY = "iPhone Developer";
				COPY_PHASE_STRIP = NO;
				DEBUG_INFORMATION_FORMAT = dwarf;
				ENABLE_STRICT_OBJC_MSGSEND = YES;
				ENABLE_TESTABILITY = YES;
				GCC_C_LANGUAGE_STANDARD = gnu11;
				GCC_DYNAMIC_NO_PIC = NO;
				GCC_NO_COMMON_BLOCKS = YES;
				GCC_OPTIMIZATION_LEVEL = 0;
				GCC_PREPROCESSOR_DEFINITIONS = (
					"DEBUG=1",
					"$(inherited)",
				);
				GCC_WARN_64_TO_32_BIT_CONVERSION = YES;
				GCC_WARN_ABOUT_RETURN_TYPE = YES_ERROR;
				GCC_WARN_UNDECLARED_SELECTOR = YES;
				GCC_WARN_UNINITIALIZED_AUTOS = YES_AGGRESSIVE;
				GCC_WARN_UNUSED_FUNCTION = YES;
				GCC_WARN_UNUSED_VARIABLE = YES;
				IPHONEOS_DEPLOYMENT_TARGET = 11.4;
				MTL_ENABLE_DEBUG_INFO = YES;
				ONLY_ACTIVE_ARCH = YES;
				SDKROOT = iphoneos;
				SWIFT_ACTIVE_COMPILATION_CONDITIONS = DEBUG;
				SWIFT_OPTIMIZATION_LEVEL = "-Onone";
			};
			name = Debug;
		};
		3DD1CF4A28E5EFC400263C9A /* Release */ = {
			isa = XCBuildConfiguration;
			buildSettings = {
				ALWAYS_SEARCH_USER_PATHS = NO;
				CLANG_ANALYZER_NONNULL = YES;
				CLANG_ANALYZER_NUMBER_OBJECT_CONVERSION = YES_AGGRESSIVE;
				CLANG_CXX_LANGUAGE_STANDARD = "gnu++14";
				CLANG_CXX_LIBRARY = "libc++";
				CLANG_ENABLE_MODULES = YES;
				CLANG_ENABLE_OBJC_ARC = YES;
				CLANG_ENABLE_OBJC_WEAK = YES;
				CLANG_WARN_BLOCK_CAPTURE_AUTORELEASING = YES;
				CLANG_WARN_BOOL_CONVERSION = YES;
				CLANG_WARN_COMMA = YES;
				CLANG_WARN_CONSTANT_CONVERSION = YES;
				CLANG_WARN_DEPRECATED_OBJC_IMPLEMENTATIONS = YES;
				CLANG_WARN_DIRECT_OBJC_ISA_USAGE = YES_ERROR;
				CLANG_WARN_DOCUMENTATION_COMMENTS = YES;
				CLANG_WARN_EMPTY_BODY = YES;
				CLANG_WARN_ENUM_CONVERSION = YES;
				CLANG_WARN_INFINITE_RECURSION = YES;
				CLANG_WARN_INT_CONVERSION = YES;
				CLANG_WARN_NON_LITERAL_NULL_CONVERSION = YES;
				CLANG_WARN_OBJC_IMPLICIT_RETAIN_SELF = YES;
				CLANG_WARN_OBJC_LITERAL_CONVERSION = YES;
				CLANG_WARN_OBJC_ROOT_CLASS = YES_ERROR;
				CLANG_WARN_RANGE_LOOP_ANALYSIS = YES;
				CLANG_WARN_STRICT_PROTOTYPES = YES;
				CLANG_WARN_SUSPICIOUS_MOVE = YES;
				CLANG_WARN_UNGUARDED_AVAILABILITY = YES_AGGRESSIVE;
				CLANG_WARN_UNREACHABLE_CODE = YES;
				CLANG_WARN__DUPLICATE_METHOD_MATCH = YES;
				CODE_SIGN_IDENTITY = "iPhone Developer";
				COPY_PHASE_STRIP = NO;
				DEBUG_INFORMATION_FORMAT = "dwarf-with-dsym";
				ENABLE_NS_ASSERTIONS = NO;
				ENABLE_STRICT_OBJC_MSGSEND = YES;
				GCC_C_LANGUAGE_STANDARD = gnu11;
				GCC_NO_COMMON_BLOCKS = YES;
				GCC_WARN_64_TO_32_BIT_CONVERSION = YES;
				GCC_WARN_ABOUT_RETURN_TYPE = YES_ERROR;
				GCC_WARN_UNDECLARED_SELECTOR = YES;
				GCC_WARN_UNINITIALIZED_AUTOS = YES_AGGRESSIVE;
				GCC_WARN_UNUSED_FUNCTION = YES;
				GCC_WARN_UNUSED_VARIABLE = YES;
				IPHONEOS_DEPLOYMENT_TARGET = 11.4;
				MTL_ENABLE_DEBUG_INFO = NO;
				SDKROOT = iphoneos;
				SWIFT_COMPILATION_MODE = wholemodule;
				SWIFT_OPTIMIZATION_LEVEL = "-O";
				VALIDATE_PRODUCT = YES;
			};
			name = Release;
		};
		3DD1CF4C28E5EFC400263C9A /* Debug */ = {
			isa = XCBuildConfiguration;
			buildSettings = {
				ASSETCATALOG_COMPILER_APPICON_NAME = AppIcon;
				CODE_SIGN_STYLE = Automatic;
				INFOPLIST_FILE = Proy2doParcial/Info.plist;
				LD_RUNPATH_SEARCH_PATHS = (
					"$(inherited)",
					"@executable_path/Frameworks",
				);
				PRODUCT_BUNDLE_IDENTIFIER = edu.ulsa.Proy2doParcial;
				PRODUCT_NAME = "$(TARGET_NAME)";
				SWIFT_VERSION = 4.0;
				TARGETED_DEVICE_FAMILY = "1,2";
			};
			name = Debug;
		};
		3DD1CF4D28E5EFC400263C9A /* Release */ = {
			isa = XCBuildConfiguration;
			buildSettings = {
				ASSETCATALOG_COMPILER_APPICON_NAME = AppIcon;
				CODE_SIGN_STYLE = Automatic;
				INFOPLIST_FILE = Proy2doParcial/Info.plist;
				LD_RUNPATH_SEARCH_PATHS = (
					"$(inherited)",
					"@executable_path/Frameworks",
				);
				PRODUCT_BUNDLE_IDENTIFIER = edu.ulsa.Proy2doParcial;
				PRODUCT_NAME = "$(TARGET_NAME)";
				SWIFT_VERSION = 4.0;
				TARGETED_DEVICE_FAMILY = "1,2";
			};
			name = Release;
		};
		3DD1CF4F28E5EFC400263C9A /* Debug */ = {
			isa = XCBuildConfiguration;
			buildSettings = {
				ALWAYS_EMBED_SWIFT_STANDARD_LIBRARIES = YES;
				BUNDLE_LOADER = "$(TEST_HOST)";
				CODE_SIGN_STYLE = Automatic;
				INFOPLIST_FILE = Proy2doParcialTests/Info.plist;
				LD_RUNPATH_SEARCH_PATHS = (
					"$(inherited)",
					"@executable_path/Frameworks",
					"@loader_path/Frameworks",
				);
				PRODUCT_BUNDLE_IDENTIFIER = edu.ulsa.Proy2doParcialTests;
				PRODUCT_NAME = "$(TARGET_NAME)";
				SWIFT_VERSION = 4.0;
				TARGETED_DEVICE_FAMILY = "1,2";
				TEST_HOST = "$(BUILT_PRODUCTS_DIR)/Proy2doParcial.app/Proy2doParcial";
			};
			name = Debug;
		};
		3DD1CF5028E5EFC400263C9A /* Release */ = {
			isa = XCBuildConfiguration;
			buildSettings = {
				ALWAYS_EMBED_SWIFT_STANDARD_LIBRARIES = YES;
				BUNDLE_LOADER = "$(TEST_HOST)";
				CODE_SIGN_STYLE = Automatic;
				INFOPLIST_FILE = Proy2doParcialTests/Info.plist;
				LD_RUNPATH_SEARCH_PATHS = (
					"$(inherited)",
					"@executable_path/Frameworks",
					"@loader_path/Frameworks",
				);
				PRODUCT_BUNDLE_IDENTIFIER = edu.ulsa.Proy2doParcialTests;
				PRODUCT_NAME = "$(TARGET_NAME)";
				SWIFT_VERSION = 4.0;
				TARGETED_DEVICE_FAMILY = "1,2";
				TEST_HOST = "$(BUILT_PRODUCTS_DIR)/Proy2doParcial.app/Proy2doParcial";
			};
			name = Release;
		};
		3DD1CF5228E5EFC400263C9A /* Debug */ = {
			isa = XCBuildConfiguration;
			buildSettings = {
				ALWAYS_EMBED_SWIFT_STANDARD_LIBRARIES = YES;
				CODE_SIGN_STYLE = Automatic;
				INFOPLIST_FILE = Proy2doParcialUITests/Info.plist;
				LD_RUNPATH_SEARCH_PATHS = (
					"$(inherited)",
					"@executable_path/Frameworks",
					"@loader_path/Frameworks",
				);
				PRODUCT_BUNDLE_IDENTIFIER = edu.ulsa.Proy2doParcialUITests;
				PRODUCT_NAME = "$(TARGET_NAME)";
				SWIFT_VERSION = 4.0;
				TARGETED_DEVICE_FAMILY = "1,2";
				TEST_TARGET_NAME = Proy2doParcial;
			};
			name = Debug;
		};
		3DD1CF5328E5EFC400263C9A /* Release */ = {
			isa = XCBuildConfiguration;
			buildSettings = {
				ALWAYS_EMBED_SWIFT_STANDARD_LIBRARIES = YES;
				CODE_SIGN_STYLE = Automatic;
				INFOPLIST_FILE = Proy2doParcialUITests/Info.plist;
				LD_RUNPATH_SEARCH_PATHS = (
					"$(inherited)",
					"@executable_path/Frameworks",
					"@loader_path/Frameworks",
				);
				PRODUCT_BUNDLE_IDENTIFIER = edu.ulsa.Proy2doParcialUITests;
				PRODUCT_NAME = "$(TARGET_NAME)";
				SWIFT_VERSION = 4.0;
				TARGETED_DEVICE_FAMILY = "1,2";
				TEST_TARGET_NAME = Proy2doParcial;
			};
			name = Release;
		};
/* End XCBuildConfiguration section */

/* Begin XCConfigurationList section */
		3DD1CF1E28E5EFBC00263C9A /* Build configuration list for PBXProject "Proy2doParcial" */ = {
			isa = XCConfigurationList;
			buildConfigurations = (
				3DD1CF4928E5EFC400263C9A /* Debug */,
				3DD1CF4A28E5EFC400263C9A /* Release */,
			);
			defaultConfigurationIsVisible = 0;
			defaultConfigurationName = Release;
		};
		3DD1CF4B28E5EFC400263C9A /* Build configuration list for PBXNativeTarget "Proy2doParcial" */ = {
			isa = XCConfigurationList;
			buildConfigurations = (
				3DD1CF4C28E5EFC400263C9A /* Debug */,
				3DD1CF4D28E5EFC400263C9A /* Release */,
			);
			defaultConfigurationIsVisible = 0;
			defaultConfigurationName = Release;
		};
		3DD1CF4E28E5EFC400263C9A /* Build configuration list for PBXNativeTarget "Proy2doParcialTests" */ = {
			isa = XCConfigurationList;
			buildConfigurations = (
				3DD1CF4F28E5EFC400263C9A /* Debug */,
				3DD1CF5028E5EFC400263C9A /* Release */,
			);
			defaultConfigurationIsVisible = 0;
			defaultConfigurationName = Release;
		};
		3DD1CF5128E5EFC400263C9A /* Build configuration list for PBXNativeTarget "Proy2doParcialUITests" */ = {
			isa = XCConfigurationList;
			buildConfigurations = (
				3DD1CF5228E5EFC400263C9A /* Debug */,
				3DD1CF5328E5EFC400263C9A /* Release */,
			);
			defaultConfigurationIsVisible = 0;
			defaultConfigurationName = Release;
		};
/* End XCConfigurationList section */
	};
	rootObject = 3DD1CF1B28E5EFBC00263C9A /* Project object */;
}
